
Microsoft Visual Studio Solution File, Format Version 11.00
# Visual Studio 2010
Project("{FAE04EC0-301F-11D3-BF4B-00C04F79EFBC}") = "Refactoring", "Refactoring.csproj", "{9832C345-39FC-45E6-A55F-0A0272BBE302}"
EndProject
Global
	GlobalSection(SolutionConfigurationPlatforms) = preSolution
		Debug|Any CPU = Debug|Any CPU
		Release|Any CPU = Release|Any CPU
	EndGlobalSection
	GlobalSection(ProjectConfigurationPlatforms) = postSolution
		{9832C345-39FC-45E6-A55F-0A0272BBE302}.Debug|Any CPU.ActiveCfg = Debug|Any CPU
		{9832C345-39FC-45E6-A55F-0A0272BBE302}.Debug|Any CPU.Build.0 = Debug|Any CPU
		{9832C345-39FC-45E6-A55F-0A0272BBE302}.Release|Any CPU.ActiveCfg = Release|Any CPU
		{9832C345-39FC-45E6-A55F-0A0272BBE302}.Release|Any CPU.Build.0 = Release|Any CPU
	EndGlobalSection
	GlobalSection(SolutionProperties) = preSolution
		HideSolutionNode = FALSE
	EndGlobalSection
EndGlobal
