
Microsoft Visual Studio Solution File, Format Version 11.00
# Visual Studio 2010
Project("{FAE04EC0-301F-11D3-BF4B-00C04F79EFBC}") = "LoggingSample", "LoggingSample.csproj", "{32447280-13AF-438F-AC9D-17739508208B}"
EndProject
Project("{FAE04EC0-301F-11D3-BF4B-00C04F79EFBC}") = "mongo4log4net", "..\mongo4log4net\mongo4log4net.csproj", "{DE1F5FEC-1992-47B3-B91F-81E318C2E917}"
EndProject
Global
	GlobalSection(SolutionConfigurationPlatforms) = preSolution
		Debug|Any CPU = Debug|Any CPU
		Debug|Mixed Platforms = Debug|Mixed Platforms
		Debug|x86 = Debug|x86
		Release|Any CPU = Release|Any CPU
		Release|Mixed Platforms = Release|Mixed Platforms
		Release|x86 = Release|x86
	EndGlobalSection
	GlobalSection(ProjectConfigurationPlatforms) = postSolution
		{32447280-13AF-438F-AC9D-17739508208B}.Debug|Any CPU.ActiveCfg = Debug|x86
		{32447280-13AF-438F-AC9D-17739508208B}.Debug|Mixed Platforms.ActiveCfg = Debug|x86
		{32447280-13AF-438F-AC9D-17739508208B}.Debug|Mixed Platforms.Build.0 = Debug|x86
		{32447280-13AF-438F-AC9D-17739508208B}.Debug|x86.ActiveCfg = Debug|x86
		{32447280-13AF-438F-AC9D-17739508208B}.Debug|x86.Build.0 = Debug|x86
		{32447280-13AF-438F-AC9D-17739508208B}.Release|Any CPU.ActiveCfg = Release|x86
		{32447280-13AF-438F-AC9D-17739508208B}.Release|Mixed Platforms.ActiveCfg = Release|x86
		{32447280-13AF-438F-AC9D-17739508208B}.Release|Mixed Platforms.Build.0 = Release|x86
		{32447280-13AF-438F-AC9D-17739508208B}.Release|x86.ActiveCfg = Release|x86
		{32447280-13AF-438F-AC9D-17739508208B}.Release|x86.Build.0 = Release|x86
		{DE1F5FEC-1992-47B3-B91F-81E318C2E917}.Debug|Any CPU.ActiveCfg = Debug|Any CPU
		{DE1F5FEC-1992-47B3-B91F-81E318C2E917}.Debug|Any CPU.Build.0 = Debug|Any CPU
		{DE1F5FEC-1992-47B3-B91F-81E318C2E917}.Debug|Mixed Platforms.ActiveCfg = Debug|Any CPU
		{DE1F5FEC-1992-47B3-B91F-81E318C2E917}.Debug|Mixed Platforms.Build.0 = Debug|Any CPU
		{DE1F5FEC-1992-47B3-B91F-81E318C2E917}.Debug|x86.ActiveCfg = Debug|Any CPU
		{DE1F5FEC-1992-47B3-B91F-81E318C2E917}.Release|Any CPU.ActiveCfg = Release|Any CPU
		{DE1F5FEC-1992-47B3-B91F-81E318C2E917}.Release|Any CPU.Build.0 = Release|Any CPU
		{DE1F5FEC-1992-47B3-B91F-81E318C2E917}.Release|Mixed Platforms.ActiveCfg = Release|Any CPU
		{DE1F5FEC-1992-47B3-B91F-81E318C2E917}.Release|Mixed Platforms.Build.0 = Release|Any CPU
		{DE1F5FEC-1992-47B3-B91F-81E318C2E917}.Release|x86.ActiveCfg = Release|Any CPU
	EndGlobalSection
	GlobalSection(SolutionProperties) = preSolution
		HideSolutionNode = FALSE
	EndGlobalSection
EndGlobal
